
Microsoft Visual Studio Solution File, Format Version 12.00
# Visual Studio Version 17
VisualStudioVersion = 17.0.31912.275
MinimumVisualStudioVersion = 10.0.40219.1
Project("{FAE04EC0-301F-11D3-BF4B-00C04F79EFBC}") = "Euler", "Euler.csproj", "{35E14817-F831-46F5-83C0-9E4C3531FF33}"
EndProject
Global
	GlobalSection(SolutionConfigurationPlatforms) = preSolution
		Debug|Any CPU = Debug|Any CPU
		Release|Any CPU = Release|Any CPU
	EndGlobalSection
	GlobalSection(ProjectConfigurationPlatforms) = postSolution
		{35E14817-F831-46F5-83C0-9E4C3531FF33}.Debug|Any CPU.ActiveCfg = Debug|Any CPU
		{35E14817-F831-46F5-83C0-9E4C3531FF33}.Debug|Any CPU.Build.0 = Debug|Any CPU
		{35E14817-F831-46F5-83C0-9E4C3531FF33}.Release|Any CPU.ActiveCfg = Release|Any CPU
		{35E14817-F831-46F5-83C0-9E4C3531FF33}.Release|Any CPU.Build.0 = Release|Any CPU
	EndGlobalSection
	GlobalSection(SolutionProperties) = preSolution
		HideSolutionNode = FALSE
	EndGlobalSection
	GlobalSection(ExtensibilityGlobals) = postSolution
		SolutionGuid = {E3F6B2EE-761F-4061-B38C-178750D2694B}
	EndGlobalSection
EndGlobal
